# THIS IS AN AUTOGENERATED FILE. DO NOT EDIT THIS FILE DIRECTLY.
# yarn lockfile v1


"@kaspernj/object-digger@^1.0.1":
  version "1.0.1"
  resolved "https://registry.yarnpkg.com/@kaspernj/object-digger/-/object-digger-1.0.1.tgz#d76a787b8fb5e9b48a37fa11c16756f138070895"
  integrity sha512-kIMqg6Iq0zrYglAZ095n9hMbscYpiqG/xEaX5f/82BMvh0d/ZGvGNPhbdk1EAHnXOdFfA3KfEgZMoPLHdggb8Q==
