# THIS IS AN AUTOGENERATED FILE. DO NOT EDIT THIS FILE DIRECTLY.
# yarn lockfile v1


"@kaspernj/api-maker-inputs@>= 1.0.41":
  version "1.0.41"
  resolved "https://registry.yarnpkg.com/@kaspernj/api-maker-inputs/-/api-maker-inputs-1.0.41.tgz#625072762512a73a14a46271f771d7333b633c52"
  integrity sha512-4JlEx8aIGmuUnokQlG2WxsX9eqjo/lnM9HWitecWdPydxUx5E4kmCuJ5iU0hl427DG0/j81g9Y+x6kvxnDvbfw==
  dependencies:
    "@kaspernj/api-maker" ">= 1.0.60"
    "@kaspernj/object-digger" ">= 1.0.2"

"@kaspernj/api-maker@>= 1.0.60", "@kaspernj/api-maker@>= 1.0.61":
  version "1.0.61"
  resolved "https://registry.yarnpkg.com/@kaspernj/api-maker/-/api-maker-1.0.61.tgz#33c3c63d03d713c39d88e1a87557ee7ba28023be"
  integrity sha512-EZvUSVJeozUUxyh+DwOzgBD1Bp0i3aQDPFLeFyQQvGcqadT7+xPuT8ttI2+20e47Ri0kRjHUxTQXdewUrvbOIA==
  dependencies:
    "@kaspernj/object-digger" "^1.0.2"
    "@rails/actioncable" "^6.1.0"
    format-number "^3.0.0"
    inflection "^1.12.0"
    js-money "^0.6.3"
    merge "^2.1.0"
    numberable "^1.0.0"
    object-to-formdata "^4.1.0"
    strftime "^0.10.0"
    wake-event "^0.0.1"

"@kaspernj/object-digger@>= 1.0.2", "@kaspernj/object-digger@^1.0.2":
  version "1.0.2"
  resolved "https://registry.yarnpkg.com/@kaspernj/object-digger/-/object-digger-1.0.2.tgz#92d4cba641f9429fa0c572822d25132d4bae206b"
  integrity sha512-L0Y460I2nEWbxF/6zyrU8Lyi+MHTxdh9xS9CkJhHrcMoHndUKGXqb6Tw7imApslMU9eyjNBXW5n5tMPtk46ACw==

"@rails/actioncable@^6.1.0":
  version "6.1.1"
  resolved "https://registry.yarnpkg.com/@rails/actioncable/-/actioncable-6.1.1.tgz#e980b2ea1c62cae17bcddad37deb6ba88d498b63"
  integrity sha512-A8toxvSuzK/wX9uMwyV6T1EYzlqzIJNrO8XiNCSNsmKresdX2cbAjxFdMu9haaPJPjl3aC2FKRJeVCUWVtLPAQ==

"debounce@>= 1.2.0":
  version "1.2.0"
  resolved "https://registry.yarnpkg.com/debounce/-/debounce-1.2.0.tgz#44a540abc0ea9943018dc0eaa95cce87f65cd131"
  integrity sha512-mYtLl1xfZLi1m4RtQYlZgJUNQjl4ZxVnHzIR8nLLgi4q1YT8o/WM+MK/f8yfcc9s5Ir5zRaPZyZU6xs1Syoocg==

format-number@^3.0.0:
  version "3.0.0"
  resolved "https://registry.yarnpkg.com/format-number/-/format-number-3.0.0.tgz#92bbf34ce5e04eb637a9a3a4f65980d5af137393"
  integrity sha512-RWcbtINcRZ2DWCo4EcJgOJUYIwtsY5LKlTtL5OX1vfGsxEEK5mKaGxZC0p4Mgy63vXR12rut3lnjwCQ8YIlRMw==

"inflection@>= 1.12.0", inflection@^1.12.0:
  version "1.12.0"
  resolved "https://registry.yarnpkg.com/inflection/-/inflection-1.12.0.tgz#a200935656d6f5f6bc4dc7502e1aecb703228416"
  integrity sha1-ogCTVlbW9fa8TcdQLhrstwMihBY=

js-money@^0.6.3:
  version "0.6.3"
  resolved "https://registry.yarnpkg.com/js-money/-/js-money-0.6.3.tgz#20b8fa9b958dac7f57b98d9027252e408e98d4fd"
  integrity sha1-ILj6m5WNrH9XuY2QJyUuQI6Y1P0=
  dependencies:
    lodash "4.x.x"

lodash@4.x.x:
  version "4.17.20"
  resolved "https://registry.yarnpkg.com/lodash/-/lodash-4.17.20.tgz#b44a9b6297bcb698f1c51a3545a2b3b368d59c52"
  integrity sha512-PlhdFcillOINfeV7Ni6oF1TAEayyZBoZ8bcshTHqOYJYlrqzRK5hagpagky5o4HfCzzd1TRkXPMFq6cKk9rGmA==

merge@^2.1.0:
  version "2.1.0"
  resolved "https://registry.yarnpkg.com/merge/-/merge-2.1.0.tgz#91fff62458ba2eca378dd395fa85f1690bf87f60"
  integrity sha512-TcuhVDV+e6X457MQAm7xIb19rWhZuEDEho7RrwxMpQ/3GhD5sDlnP188gjQQuweXHy9igdke5oUtVOXX1X8Sxg==

numberable@^1.0.0:
  version "1.0.0"
  resolved "https://registry.yarnpkg.com/numberable/-/numberable-1.0.0.tgz#926efc7b0ee5992ac7060ce26b8bc3b339e0c9d2"
  integrity sha512-MZ0EgrzLgUdM1U8TcoZWhbGxUepQLkntv7ZP+Hxof6pmqLpgYl+xtp9J9Iu52uKiVqCXZVUCE5mEFmojQ8vZJw==

object-to-formdata@^4.1.0:
  version "4.1.0"
  resolved "https://registry.yarnpkg.com/object-to-formdata/-/object-to-formdata-4.1.0.tgz#0d7bdd6f9e4efa8c0075a770c11ec92b7bf6c560"
  integrity sha512-4Ti3VLTspWOUt5QIBl5/BpvLBnr4tbFpZ/FpXKWQFqLslvGIB3ug3jurW/k8iIpoyE6HcZhhmQ6mFiOq1tKGEQ==

"strftime@>= 0.10.0", strftime@^0.10.0:
  version "0.10.0"
  resolved "https://registry.yarnpkg.com/strftime/-/strftime-0.10.0.tgz#b3f0fa419295202a5a289f6d6be9f4909a617193"
  integrity sha1-s/D6QZKVICpaKJ9ta+n0kJphcZM=

wake-event@^0.0.1:
  version "0.0.1"
  resolved "https://registry.yarnpkg.com/wake-event/-/wake-event-0.0.1.tgz#84ff6f321ddf42e98d1a01a27e33c9853ea668e4"
  integrity sha1-hP9vMh3fQumNGgGifjPJhT6maOQ=
