# THIS IS AN AUTOGENERATED FILE. DO NOT EDIT THIS FILE DIRECTLY.
# yarn lockfile v1


"@kaspernj/api-maker-bootstrap@>= 1.0.83":
  version "1.0.83"
  resolved "https://registry.yarnpkg.com/@kaspernj/api-maker-bootstrap/-/api-maker-bootstrap-1.0.83.tgz#b8a3634ab93cc91b4dd28b47ffa7887ebfc1e069"
  integrity sha512-UWkPZWg+T0hho085M7TWOc5OTLtjT94wYQqME/PZOcUJ/w+Eq+XSRf4BNpt5TQbLrU1tKcfAGvnqASDaI+mNWA==
  dependencies:
    "@kaspernj/api-maker" ">= 1.0.137"
    "@kaspernj/api-maker-inputs" ">= 1.0.69"
    debounce ">= 1.2.0"
    diggerize ">= 1.0.4"
    inflection ">= 1.12.0"
    on-location-changed ">= 1.0.2"
    set-state-compare "^1.0.15"
    strftime ">= 0.10.0"

"@kaspernj/api-maker-inputs@>= 1.0.69":
  version "1.0.69"
  resolved "https://registry.yarnpkg.com/@kaspernj/api-maker-inputs/-/api-maker-inputs-1.0.69.tgz#4f11909ce4b0bf0e8ee4c02fedfa415cba9446f0"
  integrity sha512-2hLjRZinVhFYcXd5KwP7QRwFwHSbZsnEVWEgmkH+ONW1Nv2m8ng7QpdiPcvuxqDHA3avNylAo1YCnrsS97A5Uw==
  dependencies:
    "@kaspernj/api-maker" ">= 1.0.132"
    classnames ">= 2.2.6"
    diggerize ">= 1.0.4"
    inflection ">= 1.12.0"

"@kaspernj/api-maker@>= 1.0.132", "@kaspernj/api-maker@>= 1.0.137", "@kaspernj/api-maker@>= 1.0.138":
  version "1.0.138"
  resolved "https://registry.yarnpkg.com/@kaspernj/api-maker/-/api-maker-1.0.138.tgz#957d73f06d5a165e2b5a4d2150c6b03c95299c2c"
  integrity sha512-QxAiArs+buzlS/jssam0/aKumjg1qX6TaQ2IowoHMuGo33biKJTsaS+uvXF43ElneHrUlW3spIyoisjAsB548w==
  dependencies:
    "@rails/actioncable" ">= 6.1.0"
    clone-deep ">= 4.0.1"
    debounce ">= 1.2.1"
    diggerize ">= 1.0.4"
    epic-locks ">= 1.0.1"
    form-data-objectizer ">= 1.0.0"
    form-serialize ">= 0.7.2"
    format-number ">= 3.0.0"
    inflection ">= 1.12.0"
    js-money ">= 0.6.3"
    numberable ">= 1.0.0"
    object-to-formdata ">= 4.1.0"
    qs ">= 6.9.3"
    replaceall ">= 0.1.6"
    strftime ">= 0.10.0"
    wake-event ">= 0.0.1"

"@rails/actioncable@>= 6.1.0":
  version "6.1.5"
  resolved "https://registry.yarnpkg.com/@rails/actioncable/-/actioncable-6.1.5.tgz#c24ec8123a8e7e239ceabda29078df9c93752394"
  integrity sha512-bV4/Q7NweGFm7t3GvUFm19UF2WKmcvlOXy7AxMWEZCwDxQLagAXhUpKb1AJ6Rg88cPHqXSQHaGKr84lIMd607A==

call-bind@^1.0.0:
  version "1.0.2"
  resolved "https://registry.yarnpkg.com/call-bind/-/call-bind-1.0.2.tgz#b1d4e89e688119c3c9a903ad30abb2f6a919be3c"
  integrity sha512-7O+FbCihrB5WGbFYesctwmTKae6rOiIzmz1icreWJ+0aA7LJfuqhEso2T9ncpcFtzMQtzXf2QGGueWJGTYsqrA==
  dependencies:
    function-bind "^1.1.1"
    get-intrinsic "^1.0.2"

"classnames@>= 2.2.6", "classnames@>= 2.3.1":
  version "2.3.1"
  resolved "https://registry.yarnpkg.com/classnames/-/classnames-2.3.1.tgz#dfcfa3891e306ec1dad105d0e88f4417b8535e8e"
  integrity sha512-OlQdbZ7gLfGarSqxesMesDa5uz7KFbID8Kpq/SxIoNGDqY8lSYs0D+hhtBXhcdB3rcbXArFr7vlHheLk1voeNA==

"clone-deep@>= 4.0.1":
  version "4.0.1"
  resolved "https://registry.yarnpkg.com/clone-deep/-/clone-deep-4.0.1.tgz#c19fd9bdbbf85942b4fd979c84dcf7d5f07c2387"
  integrity sha512-neHB9xuzh/wk0dIHweyAXv2aPGZIVk3pLMe+/RNzINf17fe0OG96QroktYAUm7SM1PBnzTabaLboqqxDyMU+SQ==
  dependencies:
    is-plain-object "^2.0.4"
    kind-of "^6.0.2"
    shallow-clone "^3.0.0"

"debounce@>= 1.2.0", "debounce@>= 1.2.1":
  version "1.2.1"
  resolved "https://registry.yarnpkg.com/debounce/-/debounce-1.2.1.tgz#38881d8f4166a5c5848020c11827b834bcb3e0a5"
  integrity sha512-XRRe6Glud4rd/ZGQfiV1ruXSfbvfJedlV9Y6zOlP+2K04vBYiJEte6stfFkCP03aMnY5tsipamumUjL14fofug==

"diggerize@>= 1.0.4", diggerize@^1.0.3:
  version "1.0.4"
  resolved "https://registry.yarnpkg.com/diggerize/-/diggerize-1.0.4.tgz#21a7d1bc215999376eb86a024276236059fcf2bd"
  integrity sha512-vC545+jn4Z55AswKUzpAPcDbkuu1S97MlOjBVoNkVUjwj1fnNdNi75XeOKLIaMLpT3uygCCmh5w8xDlAEboPwg==

"epic-locks@>= 1.0.1":
  version "1.0.1"
  resolved "https://registry.yarnpkg.com/epic-locks/-/epic-locks-1.0.1.tgz#67f65bfe35c83920f45b2dcae806f6f80951fa7b"
  integrity sha512-5T+g7+BKe0u0E5NMH+yjpvuUzvByr2TQhtr0H76yVan1EneYmd63UKWkJ0PMCqxRfFuftN7gX1ruTOxfju0Ecg==

"form-data-objectizer@>= 1.0.0":
  version "1.0.0"
  resolved "https://registry.yarnpkg.com/form-data-objectizer/-/form-data-objectizer-1.0.0.tgz#6f47630fa368d8548738bd304ad815dc0d7201fe"
  integrity sha512-kXj3ud4KQ4AZNBP/eq2TOBHXINMdLu4IzcxBFhguFH/AQ8rjQs3UUlhu94eKUG+vAt8a4LHOdNGH/6CKKro1Mg==

"form-serialize@>= 0.7.2":
  version "0.7.2"
  resolved "https://registry.yarnpkg.com/form-serialize/-/form-serialize-0.7.2.tgz#b0a2ff0c22026fb6d3d15c9d33f6de6a432e4732"
  integrity sha1-sKL/DCICb7bT0VydM/beakMuRzI=

"format-number@>= 3.0.0":
  version "3.0.0"
  resolved "https://registry.yarnpkg.com/format-number/-/format-number-3.0.0.tgz#92bbf34ce5e04eb637a9a3a4f65980d5af137393"
  integrity sha512-RWcbtINcRZ2DWCo4EcJgOJUYIwtsY5LKlTtL5OX1vfGsxEEK5mKaGxZC0p4Mgy63vXR12rut3lnjwCQ8YIlRMw==

function-bind@^1.1.1:
  version "1.1.1"
  resolved "https://registry.yarnpkg.com/function-bind/-/function-bind-1.1.1.tgz#a56899d3ea3c9bab874bb9773b7c5ede92f4895d"
  integrity sha512-yIovAzMX49sF8Yl58fSCWJ5svSLuaibPxXQJFLmBObTuCr0Mf1KiPopGM9NiFjiYBCbfaa2Fh6breQ6ANVTI0A==

get-intrinsic@^1.0.2:
  version "1.1.1"
  resolved "https://registry.yarnpkg.com/get-intrinsic/-/get-intrinsic-1.1.1.tgz#15f59f376f855c446963948f0d24cd3637b4abc6"
  integrity sha512-kWZrnVM42QCiEA2Ig1bG8zjoIMOgxWwYCEeNdwY6Tv/cOSeGpcoX4pXHfKUxNKVoArnrEr2e9srnAxxGIraS9Q==
  dependencies:
    function-bind "^1.1.1"
    has "^1.0.3"
    has-symbols "^1.0.1"

has-symbols@^1.0.1:
  version "1.0.3"
  resolved "https://registry.yarnpkg.com/has-symbols/-/has-symbols-1.0.3.tgz#bb7b2c4349251dce87b125f7bdf874aa7c8b39f8"
  integrity sha512-l3LCuF6MgDNwTDKkdYGEihYjt5pRPbEg46rtlmnSPlUbgmB8LOIrKJbYYFBSbnPaJexMKtiPO8hmeRjRz2Td+A==

has@^1.0.3:
  version "1.0.3"
  resolved "https://registry.yarnpkg.com/has/-/has-1.0.3.tgz#722d7cbfc1f6aa8241f16dd814e011e1f41e8796"
  integrity sha512-f2dvO0VU6Oej7RkWJGrehjbzMAjFp5/VKPp5tTpWIV4JHHZK1/BxbFRtf/siA2SWTe09caDmVtYYzWEIbBS4zw==
  dependencies:
    function-bind "^1.1.1"

"inflection@>= 1.12.0":
  version "1.13.2"
  resolved "https://registry.yarnpkg.com/inflection/-/inflection-1.13.2.tgz#15e8c797c6c3dadf31aa658f8df8a4ea024798b0"
  integrity sha512-cmZlljCRTBFouT8UzMzrGcVEvkv6D/wBdcdKG7J1QH5cXjtU75Dm+P27v9EKu/Y43UYyCJd1WC4zLebRrC8NBw==

is-plain-object@^2.0.4:
  version "2.0.4"
  resolved "https://registry.yarnpkg.com/is-plain-object/-/is-plain-object-2.0.4.tgz#2c163b3fafb1b606d9d17928f05c2a1c38e07677"
  integrity sha512-h5PpgXkWitc38BBMYawTYMWJHFZJVnBquFE57xFpjB8pJFiF6gZ+bU+WyI/yqXiFR5mdLsgYNaPe8uao6Uv9Og==
  dependencies:
    isobject "^3.0.1"

isobject@^3.0.1:
  version "3.0.1"
  resolved "https://registry.yarnpkg.com/isobject/-/isobject-3.0.1.tgz#4e431e92b11a9731636aa1f9c8d1ccbcfdab78df"
  integrity sha1-TkMekrEalzFjaqH5yNHMvP2reN8=

"js-money@>= 0.6.3":
  version "0.6.3"
  resolved "https://registry.yarnpkg.com/js-money/-/js-money-0.6.3.tgz#20b8fa9b958dac7f57b98d9027252e408e98d4fd"
  integrity sha1-ILj6m5WNrH9XuY2QJyUuQI6Y1P0=
  dependencies:
    lodash "4.x.x"

kind-of@^6.0.2:
  version "6.0.3"
  resolved "https://registry.yarnpkg.com/kind-of/-/kind-of-6.0.3.tgz#07c05034a6c349fa06e24fa35aa76db4580ce4dd"
  integrity sha512-dcS1ul+9tmeD95T+x28/ehLgd9mENa3LsvDTtzm3vyBEO7RPptvAD+t44WVXaUjTBRcrpFeFlC8WCruUR456hw==

lodash@4.x.x:
  version "4.17.21"
  resolved "https://registry.yarnpkg.com/lodash/-/lodash-4.17.21.tgz#679591c564c3bffaae8454cf0b3df370c3d6911c"
  integrity sha512-v2kDEe57lecTulaDIuNTPy3Ry4gLGJ6Z1O3vE1krgXZNrsQ+LFTGHVxVjcXPs17LhbZVGedAJv8XZ1tvj5FvSg==

"numberable@>= 1.0.0":
  version "1.0.0"
  resolved "https://registry.yarnpkg.com/numberable/-/numberable-1.0.0.tgz#926efc7b0ee5992ac7060ce26b8bc3b339e0c9d2"
  integrity sha512-MZ0EgrzLgUdM1U8TcoZWhbGxUepQLkntv7ZP+Hxof6pmqLpgYl+xtp9J9Iu52uKiVqCXZVUCE5mEFmojQ8vZJw==

object-inspect@^1.9.0:
  version "1.12.0"
  resolved "https://registry.yarnpkg.com/object-inspect/-/object-inspect-1.12.0.tgz#6e2c120e868fd1fd18cb4f18c31741d0d6e776f0"
  integrity sha512-Ho2z80bVIvJloH+YzRmpZVQe87+qASmBUKZDWgx9cu+KDrX2ZDH/3tMy+gXbZETVGs2M8YdxObOh7XAtim9Y0g==

"object-to-formdata@>= 4.1.0":
  version "4.4.2"
  resolved "https://registry.yarnpkg.com/object-to-formdata/-/object-to-formdata-4.4.2.tgz#f89013f90493c58cb5f6ab9f50b7aeec30745ea6"
  integrity sha512-fu6UDjsqIfFUu/B3GXJ2IFnNAL/YbsC1PPzqDIFXcfkhdYjTD3K4zqhyD/lZ6+KdP9O/64YIPckIOiS5ouXwLA==

"on-location-changed@>= 1.0.2":
  version "1.0.2"
  resolved "https://registry.yarnpkg.com/on-location-changed/-/on-location-changed-1.0.2.tgz#bc59824b54f05de0b7958cd0ec3ee1ace37a0fce"
  integrity sha512-UnFKFPCB3m11ggnLrbithADIallCl982QtCf2t44z2BsgA65VwMlOqgmYzgwxXq4XcrIEeAHUqFkXjJ6E0u6LA==
  dependencies:
    diggerize "^1.0.3"

"qs@>= 6.9.3":
  version "6.10.3"
  resolved "https://registry.yarnpkg.com/qs/-/qs-6.10.3.tgz#d6cde1b2ffca87b5aa57889816c5f81535e22e8e"
  integrity sha512-wr7M2E0OFRfIfJZjKGieI8lBKb7fRCH4Fv5KNPEs7gJ8jadvotdsS08PzOKR7opXhZ/Xkjtt3WF9g38drmyRqQ==
  dependencies:
    side-channel "^1.0.4"

"replaceall@>= 0.1.6":
  version "0.1.6"
  resolved "https://registry.yarnpkg.com/replaceall/-/replaceall-0.1.6.tgz#81d81ac7aeb72d7f5c4942adf2697a3220688d8e"
  integrity sha1-gdgax663LX9cSUKt8ml6MiBojY4=

"set-state-compare@>= 1.0.15", set-state-compare@^1.0.15:
  version "1.0.15"
  resolved "https://registry.yarnpkg.com/set-state-compare/-/set-state-compare-1.0.15.tgz#58233b0f88caa1125ede35807ba7bd44b854f334"
  integrity sha512-ZfgYl5wPfbikGPxBsuKayk8HK2o9mkcsWqUWUbvTRJLBYbcut76DS7tTYkdglmLuR568F4m67ikxbi/kYa2l+Q==

shallow-clone@^3.0.0:
  version "3.0.1"
  resolved "https://registry.yarnpkg.com/shallow-clone/-/shallow-clone-3.0.1.tgz#8f2981ad92531f55035b01fb230769a40e02efa3"
  integrity sha512-/6KqX+GVUdqPuPPd2LxDDxzX6CAbjJehAAOKlNpqqUpAqPM6HeL8f+o3a+JsyGjn2lv0WY8UsTgUJjU9Ok55NA==
  dependencies:
    kind-of "^6.0.2"

side-channel@^1.0.4:
  version "1.0.4"
  resolved "https://registry.yarnpkg.com/side-channel/-/side-channel-1.0.4.tgz#efce5c8fdc104ee751b25c58d4290011fa5ea2cf"
  integrity sha512-q5XPytqFEIKHkGdiMIrY10mvLRvnQh42/+GoBlFW3b2LXLE2xxJpZFdm94we0BaoV3RwJyGqg5wS7epxTv0Zvw==
  dependencies:
    call-bind "^1.0.0"
    get-intrinsic "^1.0.2"
    object-inspect "^1.9.0"

"strftime@>= 0.10.0":
  version "0.10.1"
  resolved "https://registry.yarnpkg.com/strftime/-/strftime-0.10.1.tgz#108af1176a7d5252cfbddbdb2af044dfae538389"
  integrity sha512-nVvH6JG8KlXFPC0f8lojLgEsPA18lRpLZ+RrJh/NkQV2tqOgZfbas8gcU8SFgnnqR3rWzZPYu6N2A3xzs/8rQg==

"wake-event@>= 0.0.1":
  version "0.0.1"
  resolved "https://registry.yarnpkg.com/wake-event/-/wake-event-0.0.1.tgz#84ff6f321ddf42e98d1a01a27e33c9853ea668e4"
  integrity sha1-hP9vMh3fQumNGgGifjPJhT6maOQ=
